
Microsoft Visual Studio Solution File, Format Version 12.00
# Visual Studio Version 17
VisualStudioVersion = 17.3.32922.545
MinimumVisualStudioVersion = 10.0.40219.1
Project("{FAE04EC0-301F-11D3-BF4B-00C04F79EFBC}") = "SortedArrayDuplicateRemoval_II", "SortedArrayDuplicateRemoval_II.csproj", "{4830E431-3DBD-4B76-AADF-2452A0804129}"
EndProject
Global
	GlobalSection(SolutionConfigurationPlatforms) = preSolution
		Debug|Any CPU = Debug|Any CPU
		Release|Any CPU = Release|Any CPU
	EndGlobalSection
	GlobalSection(ProjectConfigurationPlatforms) = postSolution
		{4830E431-3DBD-4B76-AADF-2452A0804129}.Debug|Any CPU.ActiveCfg = Debug|Any CPU
		{4830E431-3DBD-4B76-AADF-2452A0804129}.Debug|Any CPU.Build.0 = Debug|Any CPU
		{4830E431-3DBD-4B76-AADF-2452A0804129}.Release|Any CPU.ActiveCfg = Release|Any CPU
		{4830E431-3DBD-4B76-AADF-2452A0804129}.Release|Any CPU.Build.0 = Release|Any CPU
	EndGlobalSection
	GlobalSection(SolutionProperties) = preSolution
		HideSolutionNode = FALSE
	EndGlobalSection
	GlobalSection(ExtensibilityGlobals) = postSolution
		SolutionGuid = {739F9CB8-AAC8-4095-AC65-8B09B7FB203F}
	EndGlobalSection
EndGlobal
